{
  "name": "jabr",
  "version": "0.0.8",
  "lockfileVersion": 1,
  "requires": true,
  "dependencies": {
    "auto-bind": {
      "version": "1.2.1",
      "resolved": "https://registry.npmjs.org/auto-bind/-/auto-bind-1.2.1.tgz",
      "integrity": "sha512-/W9yj1yKmBLwpexwAujeD9YHwYmRuWFGV8HWE7smQab797VeHa4/cnE2NFeDhA+E+5e/OGBI8763EhLjfZ/MXA=="
    }
  }
}
